// !$*UTF8*$!
{
	archiveVersion = 1;
	classes = {
	};
	objectVersion = 56;
	objects = {

/* Begin PBXBuildFile section */
		85FCE5BC28EC374600D8DF70 /* AppDelegate.swift in Sources */ = {isa = PBXBuildFile; fileRef = 85FCE5BB28EC374600D8DF70 /* AppDelegate.swift */; };
		85FCE5BE28EC374600D8DF70 /* SceneDelegate.swift in Sources */ = {isa = PBXBuildFile; fileRef = 85FCE5BD28EC374600D8DF70 /* SceneDelegate.swift */; };
		85FCE5C028EC374600D8DF70 /* ViewController.swift in Sources */ = {isa = PBXBuildFile; fileRef = 85FCE5BF28EC374600D8DF70 /* ViewController.swift */; };
		85FCE5C328EC374700D8DF70 /* Main.storyboard in Resources */ = {isa = PBXBuildFile; fileRef = 85FCE5C128EC374700D8DF70 /* Main.storyboard */; };
		85FCE5C528EC374800D8DF70 /* Assets.xcassets in Resources */ = {isa = PBXBuildFile; fileRef = 85FCE5C428EC374800D8DF70 /* Assets.xcassets */; };
		85FCE5C828EC374800D8DF70 /* LaunchScreen.storyboard in Resources */ = {isa = PBXBuildFile; fileRef = 85FCE5C628EC374800D8DF70 /* LaunchScreen.storyboard */; };
		85FCE5D028EC37BB00D8DF70 /* ViewModel.swift in Sources */ = {isa = PBXBuildFile; fileRef = 85FCE5CF28EC37BB00D8DF70 /* ViewModel.swift */; };
		85FCE5D228EC37D500D8DF70 /* Model.swift in Sources */ = {isa = PBXBuildFile; fileRef = 85FCE5D128EC37D500D8DF70 /* Model.swift */; };
		85FCE5D428EC38BE00D8DF70 /* Service.swift in Sources */ = {isa = PBXBuildFile; fileRef = 85FCE5D328EC38BE00D8DF70 /* Service.swift */; };
/* End PBXBuildFile section */

/* Begin PBXFileReference section */
		85FCE5B828EC374600D8DF70 /* nykaaProject.app */ = {isa = PBXFileReference; explicitFileType = wrapper.application; includeInIndex = 0; path = nykaaProject.app; sourceTree = BUILT_PRODUCTS_DIR; };
		85FCE5BB28EC374600D8DF70 /* AppDelegate.swift */ = {isa = PBXFileReference; lastKnownFileType = sourcecode.swift; path = AppDelegate.swift; sourceTree = "<group>"; };
		85FCE5BD28EC374600D8DF70 /* SceneDelegate.swift */ = {isa = PBXFileReference; lastKnownFileType = sourcecode.swift; path = SceneDelegate.swift; sourceTree = "<group>"; };
		85FCE5BF28EC374600D8DF70 /* ViewController.swift */ = {isa = PBXFileReference; lastKnownFileType = sourcecode.swift; path = ViewController.swift; sourceTree = "<group>"; };
		85FCE5C228EC374700D8DF70 /* Base */ = {isa = PBXFileReference; lastKnownFileType = file.storyboard; name = Base; path = Base.lproj/Main.storyboard; sourceTree = "<group>"; };
		85FCE5C428EC374800D8DF70 /* Assets.xcassets */ = {isa = PBXFileReference; lastKnownFileType = folder.assetcatalog; path = Assets.xcassets; sourceTree = "<group>"; };
		85FCE5C728EC374800D8DF70 /* Base */ = {isa = PBXFileReference; lastKnownFileType = file.storyboard; name = Base; path = Base.lproj/LaunchScreen.storyboard; sourceTree = "<group>"; };
		85FCE5C928EC374800D8DF70 /* Info.plist */ = {isa = PBXFileReference; lastKnownFileType = text.plist.xml; path = Info.plist; sourceTree = "<group>"; };
		85FCE5CF28EC37BB00D8DF70 /* ViewModel.swift */ = {isa = PBXFileReference; lastKnownFileType = sourcecode.swift; path = ViewModel.swift; sourceTree = "<group>"; };
		85FCE5D128EC37D500D8DF70 /* Model.swift */ = {isa = PBXFileReference; lastKnownFileType = sourcecode.swift; path = Model.swift; sourceTree = "<group>"; };
		85FCE5D328EC38BE00D8DF70 /* Service.swift */ = {isa = PBXFileReference; lastKnownFileType = sourcecode.swift; path = Service.swift; sourceTree = "<group>"; };
/* End PBXFileReference section */

/* Begin PBXFrameworksBuildPhase section */
		85FCE5B528EC374600D8DF70 /* Frameworks */ = {
			isa = PBXFrameworksBuildPhase;
			buildActionMask = 2147483647;
			files = (
			);
			runOnlyForDeploymentPostprocessing = 0;
		};
/* End PBXFrameworksBuildPhase section */

/* Begin PBXGroup section */
		85FCE5AF28EC374600D8DF70 = {
			isa = PBXGroup;
			children = (
				85FCE5BA28EC374600D8DF70 /* nykaaProject */,
				85FCE5B928EC374600D8DF70 /* Products */,
			);
			sourceTree = "<group>";
		};
		85FCE5B928EC374600D8DF70 /* Products */ = {
			isa = PBXGroup;
			children = (
				85FCE5B828EC374600D8DF70 /* nykaaProject.app */,
			);
			name = Products;
			sourceTree = "<group>";
		};
		85FCE5BA28EC374600D8DF70 /* nykaaProject */ = {
			isa = PBXGroup;
			children = (
				85FCE5D528EC38FD00D8DF70 /* Networking */,
				85FCE5BB28EC374600D8DF70 /* AppDelegate.swift */,
				85FCE5BD28EC374600D8DF70 /* SceneDelegate.swift */,
				85FCE5CF28EC37BB00D8DF70 /* ViewModel.swift */,
				85FCE5D128EC37D500D8DF70 /* Model.swift */,
				85FCE5BF28EC374600D8DF70 /* ViewController.swift */,
				85FCE5C128EC374700D8DF70 /* Main.storyboard */,
				85FCE5C428EC374800D8DF70 /* Assets.xcassets */,
				85FCE5C628EC374800D8DF70 /* LaunchScreen.storyboard */,
				85FCE5C928EC374800D8DF70 /* Info.plist */,
			);
			path = nykaaProject;
			sourceTree = "<group>";
		};
		85FCE5D528EC38FD00D8DF70 /* Networking */ = {
			isa = PBXGroup;
			children = (
				85FCE5D328EC38BE00D8DF70 /* Service.swift */,
			);
			path = Networking;
			sourceTree = "<group>";
		};
/* End PBXGroup section */

/* Begin PBXNativeTarget section */
		85FCE5B728EC374600D8DF70 /* nykaaProject */ = {
			isa = PBXNativeTarget;
			buildConfigurationList = 85FCE5CC28EC374800D8DF70 /* Build configuration list for PBXNativeTarget "nykaaProject" */;
			buildPhases = (
				85FCE5B428EC374600D8DF70 /* Sources */,
				85FCE5B528EC374600D8DF70 /* Frameworks */,
				85FCE5B628EC374600D8DF70 /* Resources */,
			);
			buildRules = (
			);
			dependencies = (
			);
			name = nykaaProject;
			productName = nykaaProject;
			productReference = 85FCE5B828EC374600D8DF70 /* nykaaProject.app */;
			productType = "com.apple.product-type.application";
		};
/* End PBXNativeTarget section */

/* Begin PBXProject section */
		85FCE5B028EC374600D8DF70 /* Project object */ = {
			isa = PBXProject;
			attributes = {
				BuildIndependentTargetsInParallel = 1;
				LastSwiftUpdateCheck = 1400;
				LastUpgradeCheck = 1400;
				TargetAttributes = {
					85FCE5B728EC374600D8DF70 = {
						CreatedOnToolsVersion = 14.0.1;
					};
				};
			};
			buildConfigurationList = 85FCE5B328EC374600D8DF70 /* Build configuration list for PBXProject "nykaaProject" */;
			compatibilityVersion = "Xcode 14.0";
			developmentRegion = en;
			hasScannedForEncodings = 0;
			knownRegions = (
				en,
				Base,
			);
			mainGroup = 85FCE5AF28EC374600D8DF70;
			productRefGroup = 85FCE5B928EC374600D8DF70 /* Products */;
			projectDirPath = "";
			projectRoot = "";
			targets = (
				85FCE5B728EC374600D8DF70 /* nykaaProject */,
			);
		};
/* End PBXProject section */

/* Begin PBXResourcesBuildPhase section */
		85FCE5B628EC374600D8DF70 /* Resources */ = {
			isa = PBXResourcesBuildPhase;
			buildActionMask = 2147483647;
			files = (
				85FCE5C828EC374800D8DF70 /* LaunchScreen.storyboard in Resources */,
				85FCE5C528EC374800D8DF70 /* Assets.xcassets in Resources */,
				85FCE5C328EC374700D8DF70 /* Main.storyboard in Resources */,
			);
			runOnlyForDeploymentPostprocessing = 0;
		};
/* End PBXResourcesBuildPhase section */

/* Begin PBXSourcesBuildPhase section */
		85FCE5B428EC374600D8DF70 /* Sources */ = {
			isa = PBXSourcesBuildPhase;
			buildActionMask = 2147483647;
			files = (
				85FCE5D228EC37D500D8DF70 /* Model.swift in Sources */,
				85FCE5C028EC374600D8DF70 /* ViewController.swift in Sources */,
				85FCE5BC28EC374600D8DF70 /* AppDelegate.swift in Sources */,
				85FCE5D028EC37BB00D8DF70 /* ViewModel.swift in Sources */,
				85FCE5BE28EC374600D8DF70 /* SceneDelegate.swift in Sources */,
				85FCE5D428EC38BE00D8DF70 /* Service.swift in Sources */,
			);
			runOnlyForDeploymentPostprocessing = 0;
		};
/* End PBXSourcesBuildPhase section */

/* Begin PBXVariantGroup section */
		85FCE5C128EC374700D8DF70 /* Main.storyboard */ = {
			isa = PBXVariantGroup;
			children = (
				85FCE5C228EC374700D8DF70 /* Base */,
			);
			name = Main.storyboard;
			sourceTree = "<group>";
		};
		85FCE5C628EC374800D8DF70 /* LaunchScreen.storyboard */ = {
			isa = PBXVariantGroup;
			children = (
				85FCE5C728EC374800D8DF70 /* Base */,
			);
			name = LaunchScreen.storyboard;
			sourceTree = "<group>";
		};
/* End PBXVariantGroup section */

/* Begin XCBuildConfiguration section */
		85FCE5CA28EC374800D8DF70 /* Debug */ = {
			isa = XCBuildConfiguration;
			buildSettings = {
				ALWAYS_SEARCH_USER_PATHS = NO;
				CLANG_ANALYZER_NONNULL = YES;
				CLANG_ANALYZER_NUMBER_OBJECT_CONVERSION = YES_AGGRESSIVE;
				CLANG_CXX_LANGUAGE_STANDARD = "gnu++20";
				CLANG_ENABLE_MODULES = YES;
				CLANG_ENABLE_OBJC_ARC = YES;
				CLANG_ENABLE_OBJC_WEAK = YES;
				CLANG_WARN_BLOCK_CAPTURE_AUTORELEASING = YES;
				CLANG_WARN_BOOL_CONVERSION = YES;
				CLANG_WARN_COMMA = YES;
				CLANG_WARN_CONSTANT_CONVERSION = YES;
				CLANG_WARN_DEPRECATED_OBJC_IMPLEMENTATIONS = YES;
				CLANG_WARN_DIRECT_OBJC_ISA_USAGE = YES_ERROR;
				CLANG_WARN_DOCUMENTATION_COMMENTS = YES;
				CLANG_WARN_EMPTY_BODY = YES;
				CLANG_WARN_ENUM_CONVERSION = YES;
				CLANG_WARN_INFINITE_RECURSION = YES;
				CLANG_WARN_INT_CONVERSION = YES;
				CLANG_WARN_NON_LITERAL_NULL_CONVERSION = YES;
				CLANG_WARN_OBJC_IMPLICIT_RETAIN_SELF = YES;
				CLANG_WARN_OBJC_LITERAL_CONVERSION = YES;
				CLANG_WARN_OBJC_ROOT_CLASS = YES_ERROR;
				CLANG_WARN_QUOTED_INCLUDE_IN_FRAMEWORK_HEADER = YES;
				CLANG_WARN_RANGE_LOOP_ANALYSIS = YES;
				CLANG_WARN_STRICT_PROTOTYPES = YES;
				CLANG_WARN_SUSPICIOUS_MOVE = YES;
				CLANG_WARN_UNGUARDED_AVAILABILITY = YES_AGGRESSIVE;
				CLANG_WARN_UNREACHABLE_CODE = YES;
				CLANG_WARN__DUPLICATE_METHOD_MATCH = YES;
				COPY_PHASE_STRIP = NO;
				DEBUG_INFORMATION_FORMAT = dwarf;
				ENABLE_STRICT_OBJC_MSGSEND = YES;
				ENABLE_TESTABILITY = YES;
				GCC_C_LANGUAGE_STANDARD = gnu11;
				GCC_DYNAMIC_NO_PIC = NO;
				GCC_NO_COMMON_BLOCKS = YES;
				GCC_OPTIMIZATION_LEVEL = 0;
				GCC_PREPROCESSOR_DEFINITIONS = (
					"DEBUG=1",
					"$(inherited)",
				);
				GCC_WARN_64_TO_32_BIT_CONVERSION = YES;
				GCC_WARN_ABOUT_RETURN_TYPE = YES_ERROR;
				GCC_WARN_UNDECLARED_SELECTOR = YES;
				GCC_WARN_UNINITIALIZED_AUTOS = YES_AGGRESSIVE;
				GCC_WARN_UNUSED_FUNCTION = YES;
				GCC_WARN_UNUSED_VARIABLE = YES;
				IPHONEOS_DEPLOYMENT_TARGET = 16.0;
				MTL_ENABLE_DEBUG_INFO = INCLUDE_SOURCE;
				MTL_FAST_MATH = YES;
				ONLY_ACTIVE_ARCH = YES;
				SDKROOT = iphoneos;
				SWIFT_ACTIVE_COMPILATION_CONDITIONS = DEBUG;
				SWIFT_OPTIMIZATION_LEVEL = "-Onone";
			};
			name = Debug;
		};
		85FCE5CB28EC374800D8DF70 /* Release */ = {
			isa = XCBuildConfiguration;
			buildSettings = {
				ALWAYS_SEARCH_USER_PATHS = NO;
				CLANG_ANALYZER_NONNULL = YES;
				CLANG_ANALYZER_NUMBER_OBJECT_CONVERSION = YES_AGGRESSIVE;
				CLANG_CXX_LANGUAGE_STANDARD = "gnu++20";
				CLANG_ENABLE_MODULES = YES;
				CLANG_ENABLE_OBJC_ARC = YES;
				CLANG_ENABLE_OBJC_WEAK = YES;
				CLANG_WARN_BLOCK_CAPTURE_AUTORELEASING = YES;
				CLANG_WARN_BOOL_CONVERSION = YES;
				CLANG_WARN_COMMA = YES;
				CLANG_WARN_CONSTANT_CONVERSION = YES;
				CLANG_WARN_DEPRECATED_OBJC_IMPLEMENTATIONS = YES;
				CLANG_WARN_DIRECT_OBJC_ISA_USAGE = YES_ERROR;
				CLANG_WARN_DOCUMENTATION_COMMENTS = YES;
				CLANG_WARN_EMPTY_BODY = YES;
				CLANG_WARN_ENUM_CONVERSION = YES;
				CLANG_WARN_INFINITE_RECURSION = YES;
				CLANG_WARN_INT_CONVERSION = YES;
				CLANG_WARN_NON_LITERAL_NULL_CONVERSION = YES;
				CLANG_WARN_OBJC_IMPLICIT_RETAIN_SELF = YES;
				CLANG_WARN_OBJC_LITERAL_CONVERSION = YES;
				CLANG_WARN_OBJC_ROOT_CLASS = YES_ERROR;
				CLANG_WARN_QUOTED_INCLUDE_IN_FRAMEWORK_HEADER = YES;
				CLANG_WARN_RANGE_LOOP_ANALYSIS = YES;
				CLANG_WARN_STRICT_PROTOTYPES = YES;
				CLANG_WARN_SUSPICIOUS_MOVE = YES;
				CLANG_WARN_UNGUARDED_AVAILABILITY = YES_AGGRESSIVE;
				CLANG_WARN_UNREACHABLE_CODE = YES;
				CLANG_WARN__DUPLICATE_METHOD_MATCH = YES;
				COPY_PHASE_STRIP = NO;
				DEBUG_INFORMATION_FORMAT = "dwarf-with-dsym";
				ENABLE_NS_ASSERTIONS = NO;
				ENABLE_STRICT_OBJC_MSGSEND = YES;
				GCC_C_LANGUAGE_STANDARD = gnu11;
				GCC_NO_COMMON_BLOCKS = YES;
				GCC_WARN_64_TO_32_BIT_CONVERSION = YES;
				GCC_WARN_ABOUT_RETURN_TYPE = YES_ERROR;
				GCC_WARN_UNDECLARED_SELECTOR = YES;
				GCC_WARN_UNINITIALIZED_AUTOS = YES_AGGRESSIVE;
				GCC_WARN_UNUSED_FUNCTION = YES;
				GCC_WARN_UNUSED_VARIABLE = YES;
				IPHONEOS_DEPLOYMENT_TARGET = 16.0;
				MTL_ENABLE_DEBUG_INFO = NO;
				MTL_FAST_MATH = YES;
				SDKROOT = iphoneos;
				SWIFT_COMPILATION_MODE = wholemodule;
				SWIFT_OPTIMIZATION_LEVEL = "-O";
				VALIDATE_PRODUCT = YES;
			};
			name = Release;
		};
		85FCE5CD28EC374800D8DF70 /* Debug */ = {
			isa = XCBuildConfiguration;
			buildSettings = {
				ASSETCATALOG_COMPILER_APPICON_NAME = AppIcon;
				ASSETCATALOG_COMPILER_GLOBAL_ACCENT_COLOR_NAME = AccentColor;
				CODE_SIGN_STYLE = Automatic;
				CURRENT_PROJECT_VERSION = 1;
				DEVELOPMENT_TEAM = 39HMPY59R7;
				GENERATE_INFOPLIST_FILE = YES;
				INFOPLIST_FILE = nykaaProject/Info.plist;
				INFOPLIST_KEY_UIApplicationSupportsIndirectInputEvents = YES;
				INFOPLIST_KEY_UILaunchStoryboardName = LaunchScreen;
				INFOPLIST_KEY_UIMainStoryboardFile = Main;
				INFOPLIST_KEY_UISupportedInterfaceOrientations_iPad = "UIInterfaceOrientationPortrait UIInterfaceOrientationPortraitUpsideDown UIInterfaceOrientationLandscapeLeft UIInterfaceOrientationLandscapeRight";
				INFOPLIST_KEY_UISupportedInterfaceOrientations_iPhone = "UIInterfaceOrientationPortrait UIInterfaceOrientationLandscapeLeft UIInterfaceOrientationLandscapeRight";
				LD_RUNPATH_SEARCH_PATHS = (
					"$(inherited)",
					"@executable_path/Frameworks",
				);
				MARKETING_VERSION = 1.0;
				PRODUCT_BUNDLE_IDENTIFIER = com.udacity.nykaaProject;
				PRODUCT_NAME = "$(TARGET_NAME)";
				SWIFT_EMIT_LOC_STRINGS = YES;
				SWIFT_VERSION = 5.0;
				TARGETED_DEVICE_FAMILY = "1,2";
			};
			name = Debug;
		};
		85FCE5CE28EC374800D8DF70 /* Release */ = {
			isa = XCBuildConfiguration;
			buildSettings = {
				ASSETCATALOG_COMPILER_APPICON_NAME = AppIcon;
				ASSETCATALOG_COMPILER_GLOBAL_ACCENT_COLOR_NAME = AccentColor;
				CODE_SIGN_STYLE = Automatic;
				CURRENT_PROJECT_VERSION = 1;
				DEVELOPMENT_TEAM = 39HMPY59R7;
				GENERATE_INFOPLIST_FILE = YES;
				INFOPLIST_FILE = nykaaProject/Info.plist;
				INFOPLIST_KEY_UIApplicationSupportsIndirectInputEvents = YES;
				INFOPLIST_KEY_UILaunchStoryboardName = LaunchScreen;
				INFOPLIST_KEY_UIMainStoryboardFile = Main;
				INFOPLIST_KEY_UISupportedInterfaceOrientations_iPad = "UIInterfaceOrientationPortrait UIInterfaceOrientationPortraitUpsideDown UIInterfaceOrientationLandscapeLeft UIInterfaceOrientationLandscapeRight";
				INFOPLIST_KEY_UISupportedInterfaceOrientations_iPhone = "UIInterfaceOrientationPortrait UIInterfaceOrientationLandscapeLeft UIInterfaceOrientationLandscapeRight";
				LD_RUNPATH_SEARCH_PATHS = (
					"$(inherited)",
					"@executable_path/Frameworks",
				);
				MARKETING_VERSION = 1.0;
				PRODUCT_BUNDLE_IDENTIFIER = com.udacity.nykaaProject;
				PRODUCT_NAME = "$(TARGET_NAME)";
				SWIFT_EMIT_LOC_STRINGS = YES;
				SWIFT_VERSION = 5.0;
				TARGETED_DEVICE_FAMILY = "1,2";
			};
			name = Release;
		};
/* End XCBuildConfiguration section */

/* Begin XCConfigurationList section */
		85FCE5B328EC374600D8DF70 /* Build configuration list for PBXProject "nykaaProject" */ = {
			isa = XCConfigurationList;
			buildConfigurations = (
				85FCE5CA28EC374800D8DF70 /* Debug */,
				85FCE5CB28EC374800D8DF70 /* Release */,
			);
			defaultConfigurationIsVisible = 0;
			defaultConfigurationName = Release;
		};
		85FCE5CC28EC374800D8DF70 /* Build configuration list for PBXNativeTarget "nykaaProject" */ = {
			isa = XCConfigurationList;
			buildConfigurations = (
				85FCE5CD28EC374800D8DF70 /* Debug */,
				85FCE5CE28EC374800D8DF70 /* Release */,
			);
			defaultConfigurationIsVisible = 0;
			defaultConfigurationName = Release;
		};
/* End XCConfigurationList section */
	};
	rootObject = 85FCE5B028EC374600D8DF70 /* Project object */;
}
