// !$*UTF8*$!
{
	archiveVersion = 1;
	classes = {
	};
	objectVersion = 56;
	objects = {

/* Begin PBXBuildFile section */
		8585F1B929D231FA00E71F33 /* RMLocation.swift in Sources */ = {isa = PBXBuildFile; fileRef = 8585F1B829D231FA00E71F33 /* RMLocation.swift */; };
		8585F1BB29D2323500E71F33 /* RMCharacter.swift in Sources */ = {isa = PBXBuildFile; fileRef = 8585F1BA29D2323500E71F33 /* RMCharacter.swift */; };
		8585F1BE29D232F800E71F33 /* RMEpisode.swift in Sources */ = {isa = PBXBuildFile; fileRef = 8585F1BD29D232F800E71F33 /* RMEpisode.swift */; };
		8585F1C029D2334600E71F33 /* RMCharacterViewController.swift in Sources */ = {isa = PBXBuildFile; fileRef = 8585F1BF29D2334600E71F33 /* RMCharacterViewController.swift */; };
		8585F1C229D2336400E71F33 /* RMEpisodeViewController.swift in Sources */ = {isa = PBXBuildFile; fileRef = 8585F1C129D2336400E71F33 /* RMEpisodeViewController.swift */; };
		8585F1C429D2338700E71F33 /* RMSettingsViewController.swift in Sources */ = {isa = PBXBuildFile; fileRef = 8585F1C329D2338700E71F33 /* RMSettingsViewController.swift */; };
		8585F1C629D2348200E71F33 /* RMLocationViewController.swift in Sources */ = {isa = PBXBuildFile; fileRef = 8585F1C529D2348200E71F33 /* RMLocationViewController.swift */; };
		85B258CF29CC929800994A09 /* AppDelegate.swift in Sources */ = {isa = PBXBuildFile; fileRef = 85B258CE29CC929800994A09 /* AppDelegate.swift */; };
		85B258D129CC929800994A09 /* SceneDelegate.swift in Sources */ = {isa = PBXBuildFile; fileRef = 85B258D029CC929800994A09 /* SceneDelegate.swift */; };
		85B258D329CC929800994A09 /* RMTabViewController.swift in Sources */ = {isa = PBXBuildFile; fileRef = 85B258D229CC929800994A09 /* RMTabViewController.swift */; };
		85B258D629CC929800994A09 /* Main.storyboard in Resources */ = {isa = PBXBuildFile; fileRef = 85B258D429CC929800994A09 /* Main.storyboard */; };
		85B258D829CC929900994A09 /* Assets.xcassets in Resources */ = {isa = PBXBuildFile; fileRef = 85B258D729CC929900994A09 /* Assets.xcassets */; };
		85B258DB29CC929900994A09 /* LaunchScreen.storyboard in Resources */ = {isa = PBXBuildFile; fileRef = 85B258D929CC929900994A09 /* LaunchScreen.storyboard */; };
/* End PBXBuildFile section */

/* Begin PBXFileReference section */
		8585F1B829D231FA00E71F33 /* RMLocation.swift */ = {isa = PBXFileReference; lastKnownFileType = sourcecode.swift; path = RMLocation.swift; sourceTree = "<group>"; };
		8585F1BA29D2323500E71F33 /* RMCharacter.swift */ = {isa = PBXFileReference; lastKnownFileType = sourcecode.swift; path = RMCharacter.swift; sourceTree = "<group>"; };
		8585F1BD29D232F800E71F33 /* RMEpisode.swift */ = {isa = PBXFileReference; lastKnownFileType = sourcecode.swift; path = RMEpisode.swift; sourceTree = "<group>"; };
		8585F1BF29D2334600E71F33 /* RMCharacterViewController.swift */ = {isa = PBXFileReference; lastKnownFileType = sourcecode.swift; path = RMCharacterViewController.swift; sourceTree = "<group>"; };
		8585F1C129D2336400E71F33 /* RMEpisodeViewController.swift */ = {isa = PBXFileReference; lastKnownFileType = sourcecode.swift; path = RMEpisodeViewController.swift; sourceTree = "<group>"; };
		8585F1C329D2338700E71F33 /* RMSettingsViewController.swift */ = {isa = PBXFileReference; lastKnownFileType = sourcecode.swift; path = RMSettingsViewController.swift; sourceTree = "<group>"; };
		8585F1C529D2348200E71F33 /* RMLocationViewController.swift */ = {isa = PBXFileReference; lastKnownFileType = sourcecode.swift; path = RMLocationViewController.swift; sourceTree = "<group>"; };
		85B258CB29CC929800994A09 /* Rick&Morty.app */ = {isa = PBXFileReference; explicitFileType = wrapper.application; includeInIndex = 0; path = "Rick&Morty.app"; sourceTree = BUILT_PRODUCTS_DIR; };
		85B258CE29CC929800994A09 /* AppDelegate.swift */ = {isa = PBXFileReference; lastKnownFileType = sourcecode.swift; path = AppDelegate.swift; sourceTree = "<group>"; };
		85B258D029CC929800994A09 /* SceneDelegate.swift */ = {isa = PBXFileReference; lastKnownFileType = sourcecode.swift; path = SceneDelegate.swift; sourceTree = "<group>"; };
		85B258D229CC929800994A09 /* RMTabViewController.swift */ = {isa = PBXFileReference; lastKnownFileType = sourcecode.swift; path = RMTabViewController.swift; sourceTree = "<group>"; };
		85B258D529CC929800994A09 /* Base */ = {isa = PBXFileReference; lastKnownFileType = file.storyboard; name = Base; path = Base.lproj/Main.storyboard; sourceTree = "<group>"; };
		85B258D729CC929900994A09 /* Assets.xcassets */ = {isa = PBXFileReference; lastKnownFileType = folder.assetcatalog; path = Assets.xcassets; sourceTree = "<group>"; };
		85B258DA29CC929900994A09 /* Base */ = {isa = PBXFileReference; lastKnownFileType = file.storyboard; name = Base; path = Base.lproj/LaunchScreen.storyboard; sourceTree = "<group>"; };
		85B258DC29CC929900994A09 /* Info.plist */ = {isa = PBXFileReference; lastKnownFileType = text.plist.xml; path = Info.plist; sourceTree = "<group>"; };
/* End PBXFileReference section */

/* Begin PBXFrameworksBuildPhase section */
		85B258C829CC929800994A09 /* Frameworks */ = {
			isa = PBXFrameworksBuildPhase;
			buildActionMask = 2147483647;
			files = (
			);
			runOnlyForDeploymentPostprocessing = 0;
		};
/* End PBXFrameworksBuildPhase section */

/* Begin PBXGroup section */
		8585F1B229D2316900E71F33 /* Controllers */ = {
			isa = PBXGroup;
			children = (
				8585F1BC29D2327500E71F33 /* Core */,
			);
			path = Controllers;
			sourceTree = "<group>";
		};
		8585F1B329D2318100E71F33 /* View */ = {
			isa = PBXGroup;
			children = (
			);
			path = View;
			sourceTree = "<group>";
		};
		8585F1B429D2318900E71F33 /* ViewModels */ = {
			isa = PBXGroup;
			children = (
			);
			path = ViewModels;
			sourceTree = "<group>";
		};
		8585F1B529D2319700E71F33 /* APIClient */ = {
			isa = PBXGroup;
			children = (
			);
			path = APIClient;
			sourceTree = "<group>";
		};
		8585F1B629D231AF00E71F33 /* Manager */ = {
			isa = PBXGroup;
			children = (
			);
			path = Manager;
			sourceTree = "<group>";
		};
		8585F1B729D231ED00E71F33 /* Models */ = {
			isa = PBXGroup;
			children = (
				8585F1B829D231FA00E71F33 /* RMLocation.swift */,
				8585F1BA29D2323500E71F33 /* RMCharacter.swift */,
				8585F1BD29D232F800E71F33 /* RMEpisode.swift */,
			);
			path = Models;
			sourceTree = "<group>";
		};
		8585F1BC29D2327500E71F33 /* Core */ = {
			isa = PBXGroup;
			children = (
				85B258D229CC929800994A09 /* RMTabViewController.swift */,
				8585F1BF29D2334600E71F33 /* RMCharacterViewController.swift */,
				8585F1C129D2336400E71F33 /* RMEpisodeViewController.swift */,
				8585F1C329D2338700E71F33 /* RMSettingsViewController.swift */,
				8585F1C529D2348200E71F33 /* RMLocationViewController.swift */,
			);
			path = Core;
			sourceTree = "<group>";
		};
		85B258C229CC929800994A09 = {
			isa = PBXGroup;
			children = (
				85B258CD29CC929800994A09 /* Rick&Morty */,
				85B258CC29CC929800994A09 /* Products */,
			);
			sourceTree = "<group>";
		};
		85B258CC29CC929800994A09 /* Products */ = {
			isa = PBXGroup;
			children = (
				85B258CB29CC929800994A09 /* Rick&Morty.app */,
			);
			name = Products;
			sourceTree = "<group>";
		};
		85B258CD29CC929800994A09 /* Rick&Morty */ = {
			isa = PBXGroup;
			children = (
				8585F1B729D231ED00E71F33 /* Models */,
				8585F1B629D231AF00E71F33 /* Manager */,
				8585F1B529D2319700E71F33 /* APIClient */,
				8585F1B429D2318900E71F33 /* ViewModels */,
				8585F1B329D2318100E71F33 /* View */,
				8585F1B229D2316900E71F33 /* Controllers */,
				85B258CE29CC929800994A09 /* AppDelegate.swift */,
				85B258D029CC929800994A09 /* SceneDelegate.swift */,
				85B258D429CC929800994A09 /* Main.storyboard */,
				85B258D729CC929900994A09 /* Assets.xcassets */,
				85B258D929CC929900994A09 /* LaunchScreen.storyboard */,
				85B258DC29CC929900994A09 /* Info.plist */,
			);
			path = "Rick&Morty";
			sourceTree = "<group>";
		};
/* End PBXGroup section */

/* Begin PBXNativeTarget section */
		85B258CA29CC929800994A09 /* Rick&Morty */ = {
			isa = PBXNativeTarget;
			buildConfigurationList = 85B258DF29CC929900994A09 /* Build configuration list for PBXNativeTarget "Rick&Morty" */;
			buildPhases = (
				85B258C729CC929800994A09 /* Sources */,
				85B258C829CC929800994A09 /* Frameworks */,
				85B258C929CC929800994A09 /* Resources */,
			);
			buildRules = (
			);
			dependencies = (
			);
			name = "Rick&Morty";
			productName = "Rick&Morty";
			productReference = 85B258CB29CC929800994A09 /* Rick&Morty.app */;
			productType = "com.apple.product-type.application";
		};
/* End PBXNativeTarget section */

/* Begin PBXProject section */
		85B258C329CC929800994A09 /* Project object */ = {
			isa = PBXProject;
			attributes = {
				BuildIndependentTargetsInParallel = 1;
				LastSwiftUpdateCheck = 1420;
				LastUpgradeCheck = 1420;
				TargetAttributes = {
					85B258CA29CC929800994A09 = {
						CreatedOnToolsVersion = 14.2;
					};
				};
			};
			buildConfigurationList = 85B258C629CC929800994A09 /* Build configuration list for PBXProject "Rick&Morty" */;
			compatibilityVersion = "Xcode 14.0";
			developmentRegion = en;
			hasScannedForEncodings = 0;
			knownRegions = (
				en,
				Base,
			);
			mainGroup = 85B258C229CC929800994A09;
			productRefGroup = 85B258CC29CC929800994A09 /* Products */;
			projectDirPath = "";
			projectRoot = "";
			targets = (
				85B258CA29CC929800994A09 /* Rick&Morty */,
			);
		};
/* End PBXProject section */

/* Begin PBXResourcesBuildPhase section */
		85B258C929CC929800994A09 /* Resources */ = {
			isa = PBXResourcesBuildPhase;
			buildActionMask = 2147483647;
			files = (
				85B258DB29CC929900994A09 /* LaunchScreen.storyboard in Resources */,
				85B258D829CC929900994A09 /* Assets.xcassets in Resources */,
				85B258D629CC929800994A09 /* Main.storyboard in Resources */,
			);
			runOnlyForDeploymentPostprocessing = 0;
		};
/* End PBXResourcesBuildPhase section */

/* Begin PBXSourcesBuildPhase section */
		85B258C729CC929800994A09 /* Sources */ = {
			isa = PBXSourcesBuildPhase;
			buildActionMask = 2147483647;
			files = (
				8585F1C429D2338700E71F33 /* RMSettingsViewController.swift in Sources */,
				8585F1BE29D232F800E71F33 /* RMEpisode.swift in Sources */,
				8585F1B929D231FA00E71F33 /* RMLocation.swift in Sources */,
				85B258D329CC929800994A09 /* RMTabViewController.swift in Sources */,
				85B258CF29CC929800994A09 /* AppDelegate.swift in Sources */,
				85B258D129CC929800994A09 /* SceneDelegate.swift in Sources */,
				8585F1C629D2348200E71F33 /* RMLocationViewController.swift in Sources */,
				8585F1BB29D2323500E71F33 /* RMCharacter.swift in Sources */,
				8585F1C029D2334600E71F33 /* RMCharacterViewController.swift in Sources */,
				8585F1C229D2336400E71F33 /* RMEpisodeViewController.swift in Sources */,
			);
			runOnlyForDeploymentPostprocessing = 0;
		};
/* End PBXSourcesBuildPhase section */

/* Begin PBXVariantGroup section */
		85B258D429CC929800994A09 /* Main.storyboard */ = {
			isa = PBXVariantGroup;
			children = (
				85B258D529CC929800994A09 /* Base */,
			);
			name = Main.storyboard;
			sourceTree = "<group>";
		};
		85B258D929CC929900994A09 /* LaunchScreen.storyboard */ = {
			isa = PBXVariantGroup;
			children = (
				85B258DA29CC929900994A09 /* Base */,
			);
			name = LaunchScreen.storyboard;
			sourceTree = "<group>";
		};
/* End PBXVariantGroup section */

/* Begin XCBuildConfiguration section */
		85B258DD29CC929900994A09 /* Debug */ = {
			isa = XCBuildConfiguration;
			buildSettings = {
				ALWAYS_SEARCH_USER_PATHS = NO;
				CLANG_ANALYZER_NONNULL = YES;
				CLANG_ANALYZER_NUMBER_OBJECT_CONVERSION = YES_AGGRESSIVE;
				CLANG_CXX_LANGUAGE_STANDARD = "gnu++20";
				CLANG_ENABLE_MODULES = YES;
				CLANG_ENABLE_OBJC_ARC = YES;
				CLANG_ENABLE_OBJC_WEAK = YES;
				CLANG_WARN_BLOCK_CAPTURE_AUTORELEASING = YES;
				CLANG_WARN_BOOL_CONVERSION = YES;
				CLANG_WARN_COMMA = YES;
				CLANG_WARN_CONSTANT_CONVERSION = YES;
				CLANG_WARN_DEPRECATED_OBJC_IMPLEMENTATIONS = YES;
				CLANG_WARN_DIRECT_OBJC_ISA_USAGE = YES_ERROR;
				CLANG_WARN_DOCUMENTATION_COMMENTS = YES;
				CLANG_WARN_EMPTY_BODY = YES;
				CLANG_WARN_ENUM_CONVERSION = YES;
				CLANG_WARN_INFINITE_RECURSION = YES;
				CLANG_WARN_INT_CONVERSION = YES;
				CLANG_WARN_NON_LITERAL_NULL_CONVERSION = YES;
				CLANG_WARN_OBJC_IMPLICIT_RETAIN_SELF = YES;
				CLANG_WARN_OBJC_LITERAL_CONVERSION = YES;
				CLANG_WARN_OBJC_ROOT_CLASS = YES_ERROR;
				CLANG_WARN_QUOTED_INCLUDE_IN_FRAMEWORK_HEADER = YES;
				CLANG_WARN_RANGE_LOOP_ANALYSIS = YES;
				CLANG_WARN_STRICT_PROTOTYPES = YES;
				CLANG_WARN_SUSPICIOUS_MOVE = YES;
				CLANG_WARN_UNGUARDED_AVAILABILITY = YES_AGGRESSIVE;
				CLANG_WARN_UNREACHABLE_CODE = YES;
				CLANG_WARN__DUPLICATE_METHOD_MATCH = YES;
				COPY_PHASE_STRIP = NO;
				DEBUG_INFORMATION_FORMAT = dwarf;
				ENABLE_STRICT_OBJC_MSGSEND = YES;
				ENABLE_TESTABILITY = YES;
				GCC_C_LANGUAGE_STANDARD = gnu11;
				GCC_DYNAMIC_NO_PIC = NO;
				GCC_NO_COMMON_BLOCKS = YES;
				GCC_OPTIMIZATION_LEVEL = 0;
				GCC_PREPROCESSOR_DEFINITIONS = (
					"DEBUG=1",
					"$(inherited)",
				);
				GCC_WARN_64_TO_32_BIT_CONVERSION = YES;
				GCC_WARN_ABOUT_RETURN_TYPE = YES_ERROR;
				GCC_WARN_UNDECLARED_SELECTOR = YES;
				GCC_WARN_UNINITIALIZED_AUTOS = YES_AGGRESSIVE;
				GCC_WARN_UNUSED_FUNCTION = YES;
				GCC_WARN_UNUSED_VARIABLE = YES;
				IPHONEOS_DEPLOYMENT_TARGET = 16.2;
				MTL_ENABLE_DEBUG_INFO = INCLUDE_SOURCE;
				MTL_FAST_MATH = YES;
				ONLY_ACTIVE_ARCH = YES;
				SDKROOT = iphoneos;
				SWIFT_ACTIVE_COMPILATION_CONDITIONS = DEBUG;
				SWIFT_OPTIMIZATION_LEVEL = "-Onone";
			};
			name = Debug;
		};
		85B258DE29CC929900994A09 /* Release */ = {
			isa = XCBuildConfiguration;
			buildSettings = {
				ALWAYS_SEARCH_USER_PATHS = NO;
				CLANG_ANALYZER_NONNULL = YES;
				CLANG_ANALYZER_NUMBER_OBJECT_CONVERSION = YES_AGGRESSIVE;
				CLANG_CXX_LANGUAGE_STANDARD = "gnu++20";
				CLANG_ENABLE_MODULES = YES;
				CLANG_ENABLE_OBJC_ARC = YES;
				CLANG_ENABLE_OBJC_WEAK = YES;
				CLANG_WARN_BLOCK_CAPTURE_AUTORELEASING = YES;
				CLANG_WARN_BOOL_CONVERSION = YES;
				CLANG_WARN_COMMA = YES;
				CLANG_WARN_CONSTANT_CONVERSION = YES;
				CLANG_WARN_DEPRECATED_OBJC_IMPLEMENTATIONS = YES;
				CLANG_WARN_DIRECT_OBJC_ISA_USAGE = YES_ERROR;
				CLANG_WARN_DOCUMENTATION_COMMENTS = YES;
				CLANG_WARN_EMPTY_BODY = YES;
				CLANG_WARN_ENUM_CONVERSION = YES;
				CLANG_WARN_INFINITE_RECURSION = YES;
				CLANG_WARN_INT_CONVERSION = YES;
				CLANG_WARN_NON_LITERAL_NULL_CONVERSION = YES;
				CLANG_WARN_OBJC_IMPLICIT_RETAIN_SELF = YES;
				CLANG_WARN_OBJC_LITERAL_CONVERSION = YES;
				CLANG_WARN_OBJC_ROOT_CLASS = YES_ERROR;
				CLANG_WARN_QUOTED_INCLUDE_IN_FRAMEWORK_HEADER = YES;
				CLANG_WARN_RANGE_LOOP_ANALYSIS = YES;
				CLANG_WARN_STRICT_PROTOTYPES = YES;
				CLANG_WARN_SUSPICIOUS_MOVE = YES;
				CLANG_WARN_UNGUARDED_AVAILABILITY = YES_AGGRESSIVE;
				CLANG_WARN_UNREACHABLE_CODE = YES;
				CLANG_WARN__DUPLICATE_METHOD_MATCH = YES;
				COPY_PHASE_STRIP = NO;
				DEBUG_INFORMATION_FORMAT = "dwarf-with-dsym";
				ENABLE_NS_ASSERTIONS = NO;
				ENABLE_STRICT_OBJC_MSGSEND = YES;
				GCC_C_LANGUAGE_STANDARD = gnu11;
				GCC_NO_COMMON_BLOCKS = YES;
				GCC_WARN_64_TO_32_BIT_CONVERSION = YES;
				GCC_WARN_ABOUT_RETURN_TYPE = YES_ERROR;
				GCC_WARN_UNDECLARED_SELECTOR = YES;
				GCC_WARN_UNINITIALIZED_AUTOS = YES_AGGRESSIVE;
				GCC_WARN_UNUSED_FUNCTION = YES;
				GCC_WARN_UNUSED_VARIABLE = YES;
				IPHONEOS_DEPLOYMENT_TARGET = 16.2;
				MTL_ENABLE_DEBUG_INFO = NO;
				MTL_FAST_MATH = YES;
				SDKROOT = iphoneos;
				SWIFT_COMPILATION_MODE = wholemodule;
				SWIFT_OPTIMIZATION_LEVEL = "-O";
				VALIDATE_PRODUCT = YES;
			};
			name = Release;
		};
		85B258E029CC929900994A09 /* Debug */ = {
			isa = XCBuildConfiguration;
			buildSettings = {
				ASSETCATALOG_COMPILER_APPICON_NAME = AppIcon;
				ASSETCATALOG_COMPILER_GLOBAL_ACCENT_COLOR_NAME = AccentColor;
				CODE_SIGN_STYLE = Automatic;
				CURRENT_PROJECT_VERSION = 1;
				DEVELOPMENT_TEAM = 39HMPY59R7;
				GENERATE_INFOPLIST_FILE = YES;
				INFOPLIST_FILE = "Rick&Morty/Info.plist";
				INFOPLIST_KEY_UIApplicationSupportsIndirectInputEvents = YES;
				INFOPLIST_KEY_UILaunchStoryboardName = LaunchScreen;
				INFOPLIST_KEY_UIMainStoryboardFile = Main;
				INFOPLIST_KEY_UISupportedInterfaceOrientations_iPad = "UIInterfaceOrientationPortrait UIInterfaceOrientationPortraitUpsideDown UIInterfaceOrientationLandscapeLeft UIInterfaceOrientationLandscapeRight";
				INFOPLIST_KEY_UISupportedInterfaceOrientations_iPhone = "UIInterfaceOrientationPortrait UIInterfaceOrientationLandscapeLeft UIInterfaceOrientationLandscapeRight";
				LD_RUNPATH_SEARCH_PATHS = (
					"$(inherited)",
					"@executable_path/Frameworks",
				);
				MARKETING_VERSION = 1.0;
				PRODUCT_BUNDLE_IDENTIFIER = "com.udacity.Rick-Morty";
				PRODUCT_NAME = "$(TARGET_NAME)";
				SWIFT_EMIT_LOC_STRINGS = YES;
				SWIFT_VERSION = 5.0;
				TARGETED_DEVICE_FAMILY = "1,2";
			};
			name = Debug;
		};
		85B258E129CC929900994A09 /* Release */ = {
			isa = XCBuildConfiguration;
			buildSettings = {
				ASSETCATALOG_COMPILER_APPICON_NAME = AppIcon;
				ASSETCATALOG_COMPILER_GLOBAL_ACCENT_COLOR_NAME = AccentColor;
				CODE_SIGN_STYLE = Automatic;
				CURRENT_PROJECT_VERSION = 1;
				DEVELOPMENT_TEAM = 39HMPY59R7;
				GENERATE_INFOPLIST_FILE = YES;
				INFOPLIST_FILE = "Rick&Morty/Info.plist";
				INFOPLIST_KEY_UIApplicationSupportsIndirectInputEvents = YES;
				INFOPLIST_KEY_UILaunchStoryboardName = LaunchScreen;
				INFOPLIST_KEY_UIMainStoryboardFile = Main;
				INFOPLIST_KEY_UISupportedInterfaceOrientations_iPad = "UIInterfaceOrientationPortrait UIInterfaceOrientationPortraitUpsideDown UIInterfaceOrientationLandscapeLeft UIInterfaceOrientationLandscapeRight";
				INFOPLIST_KEY_UISupportedInterfaceOrientations_iPhone = "UIInterfaceOrientationPortrait UIInterfaceOrientationLandscapeLeft UIInterfaceOrientationLandscapeRight";
				LD_RUNPATH_SEARCH_PATHS = (
					"$(inherited)",
					"@executable_path/Frameworks",
				);
				MARKETING_VERSION = 1.0;
				PRODUCT_BUNDLE_IDENTIFIER = "com.udacity.Rick-Morty";
				PRODUCT_NAME = "$(TARGET_NAME)";
				SWIFT_EMIT_LOC_STRINGS = YES;
				SWIFT_VERSION = 5.0;
				TARGETED_DEVICE_FAMILY = "1,2";
			};
			name = Release;
		};
/* End XCBuildConfiguration section */

/* Begin XCConfigurationList section */
		85B258C629CC929800994A09 /* Build configuration list for PBXProject "Rick&Morty" */ = {
			isa = XCConfigurationList;
			buildConfigurations = (
				85B258DD29CC929900994A09 /* Debug */,
				85B258DE29CC929900994A09 /* Release */,
			);
			defaultConfigurationIsVisible = 0;
			defaultConfigurationName = Release;
		};
		85B258DF29CC929900994A09 /* Build configuration list for PBXNativeTarget "Rick&Morty" */ = {
			isa = XCConfigurationList;
			buildConfigurations = (
				85B258E029CC929900994A09 /* Debug */,
				85B258E129CC929900994A09 /* Release */,
			);
			defaultConfigurationIsVisible = 0;
			defaultConfigurationName = Release;
		};
/* End XCConfigurationList section */
	};
	rootObject = 85B258C329CC929800994A09 /* Project object */;
}
